
Microsoft Visual Studio Solution File, Format Version 11.00
# Visual Studio 2010
Project("{FAE04EC0-301F-11D3-BF4B-00C04F79EFBC}") = "Assembly-CSharp", "Assembly-CSharp.csproj", "{e0b97ab4-1bcd-c9fe-38d0-98e24a67947c}"
EndProject
Project("{FAE04EC0-301F-11D3-BF4B-00C04F79EFBC}") = "Assembly-CSharp-Editor", "Assembly-CSharp-Editor.csproj", "{51c200f5-9533-2c75-1761-5f9c3e6f3211}"
EndProject
Global
	GlobalSection(SolutionConfigurationPlatforms) = preSolution
		Debug|Any CPU = Debug|Any CPU
	EndGlobalSection
	GlobalSection(ProjectConfigurationPlatforms) = postSolution
		{e0b97ab4-1bcd-c9fe-38d0-98e24a67947c}.Debug|Any CPU.ActiveCfg = Debug|Any CPU
		{e0b97ab4-1bcd-c9fe-38d0-98e24a67947c}.Debug|Any CPU.Build.0 = Debug|Any CPU
		{51c200f5-9533-2c75-1761-5f9c3e6f3211}.Debug|Any CPU.ActiveCfg = Debug|Any CPU
		{51c200f5-9533-2c75-1761-5f9c3e6f3211}.Debug|Any CPU.Build.0 = Debug|Any CPU
	EndGlobalSection
	GlobalSection(SolutionProperties) = preSolution
		HideSolutionNode = FALSE
	EndGlobalSection
EndGlobal
